
Microsoft Visual Studio Solution File, Format Version 12.00
# Visual Studio Version 17
VisualStudioVersion = 17.2.32602.215
MinimumVisualStudioVersion = 10.0.40219.1
Project("{FAE04EC0-301F-11D3-BF4B-00C04F79EFBC}") = "EF.Console", "EF.Console\EF.Console.csproj", "{459D1D61-EC2E-4500-AEB7-D1FF61621E80}"
EndProject
Global
	GlobalSection(SolutionConfigurationPlatforms) = preSolution
		Debug|Any CPU = Debug|Any CPU
		Release|Any CPU = Release|Any CPU
	EndGlobalSection
	GlobalSection(ProjectConfigurationPlatforms) = postSolution
		{459D1D61-EC2E-4500-AEB7-D1FF61621E80}.Debug|Any CPU.ActiveCfg = Debug|Any CPU
		{459D1D61-EC2E-4500-AEB7-D1FF61621E80}.Debug|Any CPU.Build.0 = Debug|Any CPU
		{459D1D61-EC2E-4500-AEB7-D1FF61621E80}.Release|Any CPU.ActiveCfg = Release|Any CPU
		{459D1D61-EC2E-4500-AEB7-D1FF61621E80}.Release|Any CPU.Build.0 = Release|Any CPU
	EndGlobalSection
	GlobalSection(SolutionProperties) = preSolution
		HideSolutionNode = FALSE
	EndGlobalSection
	GlobalSection(ExtensibilityGlobals) = postSolution
		SolutionGuid = {98D83B50-9E4F-4F9B-A898-1D21151B9151}
	EndGlobalSection
EndGlobal
